
Microsoft Visual Studio Solution File, Format Version 12.00
# Visual Studio 15
VisualStudioVersion = 15.0.28307.421
MinimumVisualStudioVersion = 10.0.40219.1
Project("{FAE04EC0-301F-11D3-BF4B-00C04F79EFBC}") = "xamarin_demo.Android", "xamarin_demo\xamarin_demo.Android\xamarin_demo.Android.csproj", "{7FA54465-CF4C-447B-851A-BA12A45B3B10}"
EndProject
Project("{FAE04EC0-301F-11D3-BF4B-00C04F79EFBC}") = "xamarin_demo.iOS", "xamarin_demo\xamarin_demo.iOS\xamarin_demo.iOS.csproj", "{5FADE3D1-9A15-473C-9CE9-AE8DBD7B7EBE}"
EndProject
Project("{FAE04EC0-301F-11D3-BF4B-00C04F79EFBC}") = "xamarin_demo", "xamarin_demo\xamarin_demo\xamarin_demo.csproj", "{D407AD2E-EA89-46C6-8BDF-8784935B1EC7}"
EndProject
Global
	GlobalSection(SolutionConfigurationPlatforms) = preSolution
		Ad-Hoc|Any CPU = Ad-Hoc|Any CPU
		Ad-Hoc|iPhone = Ad-Hoc|iPhone
		Ad-Hoc|iPhoneSimulator = Ad-Hoc|iPhoneSimulator
		AppStore|Any CPU = AppStore|Any CPU
		AppStore|iPhone = AppStore|iPhone
		AppStore|iPhoneSimulator = AppStore|iPhoneSimulator
		Debug|Any CPU = Debug|Any CPU
		Debug|iPhone = Debug|iPhone
		Debug|iPhoneSimulator = Debug|iPhoneSimulator
		Release|Any CPU = Release|Any CPU
		Release|iPhone = Release|iPhone
		Release|iPhoneSimulator = Release|iPhoneSimulator
	EndGlobalSection
	GlobalSection(ProjectConfigurationPlatforms) = postSolution
		{7FA54465-CF4C-447B-851A-BA12A45B3B10}.Ad-Hoc|Any CPU.ActiveCfg = Release|Any CPU
		{7FA54465-CF4C-447B-851A-BA12A45B3B10}.Ad-Hoc|Any CPU.Build.0 = Release|Any CPU
		{7FA54465-CF4C-447B-851A-BA12A45B3B10}.Ad-Hoc|Any CPU.Deploy.0 = Release|Any CPU
		{7FA54465-CF4C-447B-851A-BA12A45B3B10}.Ad-Hoc|iPhone.ActiveCfg = Release|Any CPU
		{7FA54465-CF4C-447B-851A-BA12A45B3B10}.Ad-Hoc|iPhone.Build.0 = Release|Any CPU
		{7FA54465-CF4C-447B-851A-BA12A45B3B10}.Ad-Hoc|iPhone.Deploy.0 = Release|Any CPU
		{7FA54465-CF4C-447B-851A-BA12A45B3B10}.Ad-Hoc|iPhoneSimulator.ActiveCfg = Release|Any CPU
		{7FA54465-CF4C-447B-851A-BA12A45B3B10}.Ad-Hoc|iPhoneSimulator.Build.0 = Release|Any CPU
		{7FA54465-CF4C-447B-851A-BA12A45B3B10}.Ad-Hoc|iPhoneSimulator.Deploy.0 = Release|Any CPU
		{7FA54465-CF4C-447B-851A-BA12A45B3B10}.AppStore|Any CPU.ActiveCfg = Release|Any CPU
		{7FA54465-CF4C-447B-851A-BA12A45B3B10}.AppStore|Any CPU.Build.0 = Release|Any CPU
		{7FA54465-CF4C-447B-851A-BA12A45B3B10}.AppStore|Any CPU.Deploy.0 = Release|Any CPU
		{7FA54465-CF4C-447B-851A-BA12A45B3B10}.AppStore|iPhone.ActiveCfg = Release|Any CPU
		{7FA54465-CF4C-447B-851A-BA12A45B3B10}.AppStore|iPhone.Build.0 = Release|Any CPU
		{7FA54465-CF4C-447B-851A-BA12A45B3B10}.AppStore|iPhone.Deploy.0 = Release|Any CPU
		{7FA54465-CF4C-447B-851A-BA12A45B3B10}.AppStore|iPhoneSimulator.ActiveCfg = Release|Any CPU
		{7FA54465-CF4C-447B-851A-BA12A45B3B10}.AppStore|iPhoneSimulator.Build.0 = Release|Any CPU
		{7FA54465-CF4C-447B-851A-BA12A45B3B10}.AppStore|iPhoneSimulator.Deploy.0 = Release|Any CPU
		{7FA54465-CF4C-447B-851A-BA12A45B3B10}.Debug|Any CPU.ActiveCfg = Debug|Any CPU
		{7FA54465-CF4C-447B-851A-BA12A45B3B10}.Debug|Any CPU.Build.0 = Debug|Any CPU
		{7FA54465-CF4C-447B-851A-BA12A45B3B10}.Debug|Any CPU.Deploy.0 = Debug|Any CPU
		{7FA54465-CF4C-447B-851A-BA12A45B3B10}.Debug|iPhone.ActiveCfg = Debug|Any CPU
		{7FA54465-CF4C-447B-851A-BA12A45B3B10}.Debug|iPhone.Build.0 = Debug|Any CPU
		{7FA54465-CF4C-447B-851A-BA12A45B3B10}.Debug|iPhone.Deploy.0 = Debug|Any CPU
		{7FA54465-CF4C-447B-851A-BA12A45B3B10}.Debug|iPhoneSimulator.ActiveCfg = Debug|Any CPU
		{7FA54465-CF4C-447B-851A-BA12A45B3B10}.Debug|iPhoneSimulator.Build.0 = Debug|Any CPU
		{7FA54465-CF4C-447B-851A-BA12A45B3B10}.Debug|iPhoneSimulator.Deploy.0 = Debug|Any CPU
		{7FA54465-CF4C-447B-851A-BA12A45B3B10}.Release|Any CPU.ActiveCfg = Release|Any CPU
		{7FA54465-CF4C-447B-851A-BA12A45B3B10}.Release|Any CPU.Build.0 = Release|Any CPU
		{7FA54465-CF4C-447B-851A-BA12A45B3B10}.Release|Any CPU.Deploy.0 = Release|Any CPU
		{7FA54465-CF4C-447B-851A-BA12A45B3B10}.Release|iPhone.ActiveCfg = Release|Any CPU
		{7FA54465-CF4C-447B-851A-BA12A45B3B10}.Release|iPhone.Build.0 = Release|Any CPU
		{7FA54465-CF4C-447B-851A-BA12A45B3B10}.Release|iPhone.Deploy.0 = Release|Any CPU
		{7FA54465-CF4C-447B-851A-BA12A45B3B10}.Release|iPhoneSimulator.ActiveCfg = Release|Any CPU
		{7FA54465-CF4C-447B-851A-BA12A45B3B10}.Release|iPhoneSimulator.Build.0 = Release|Any CPU
		{7FA54465-CF4C-447B-851A-BA12A45B3B10}.Release|iPhoneSimulator.Deploy.0 = Release|Any CPU
		{5FADE3D1-9A15-473C-9CE9-AE8DBD7B7EBE}.Ad-Hoc|Any CPU.ActiveCfg = Ad-Hoc|iPhone
		{5FADE3D1-9A15-473C-9CE9-AE8DBD7B7EBE}.Ad-Hoc|Any CPU.Build.0 = Ad-Hoc|iPhone
		{5FADE3D1-9A15-473C-9CE9-AE8DBD7B7EBE}.Ad-Hoc|Any CPU.Deploy.0 = Ad-Hoc|iPhone
		{5FADE3D1-9A15-473C-9CE9-AE8DBD7B7EBE}.Ad-Hoc|iPhone.ActiveCfg = Ad-Hoc|iPhone
		{5FADE3D1-9A15-473C-9CE9-AE8DBD7B7EBE}.Ad-Hoc|iPhone.Build.0 = Ad-Hoc|iPhone
		{5FADE3D1-9A15-473C-9CE9-AE8DBD7B7EBE}.Ad-Hoc|iPhone.Deploy.0 = Ad-Hoc|iPhone
		{5FADE3D1-9A15-473C-9CE9-AE8DBD7B7EBE}.Ad-Hoc|iPhoneSimulator.ActiveCfg = Ad-Hoc|iPhoneSimulator
		{5FADE3D1-9A15-473C-9CE9-AE8DBD7B7EBE}.Ad-Hoc|iPhoneSimulator.Build.0 = Ad-Hoc|iPhoneSimulator
		{5FADE3D1-9A15-473C-9CE9-AE8DBD7B7EBE}.Ad-Hoc|iPhoneSimulator.Deploy.0 = Ad-Hoc|iPhoneSimulator
		{5FADE3D1-9A15-473C-9CE9-AE8DBD7B7EBE}.AppStore|Any CPU.ActiveCfg = AppStore|iPhone
		{5FADE3D1-9A15-473C-9CE9-AE8DBD7B7EBE}.AppStore|Any CPU.Build.0 = AppStore|iPhone
		{5FADE3D1-9A15-473C-9CE9-AE8DBD7B7EBE}.AppStore|Any CPU.Deploy.0 = AppStore|iPhone
		{5FADE3D1-9A15-473C-9CE9-AE8DBD7B7EBE}.AppStore|iPhone.ActiveCfg = AppStore|iPhone
		{5FADE3D1-9A15-473C-9CE9-AE8DBD7B7EBE}.AppStore|iPhone.Build.0 = AppStore|iPhone
		{5FADE3D1-9A15-473C-9CE9-AE8DBD7B7EBE}.AppStore|iPhone.Deploy.0 = AppStore|iPhone
		{5FADE3D1-9A15-473C-9CE9-AE8DBD7B7EBE}.AppStore|iPhoneSimulator.ActiveCfg = AppStore|iPhoneSimulator
		{5FADE3D1-9A15-473C-9CE9-AE8DBD7B7EBE}.AppStore|iPhoneSimulator.Build.0 = AppStore|iPhoneSimulator
		{5FADE3D1-9A15-473C-9CE9-AE8DBD7B7EBE}.AppStore|iPhoneSimulator.Deploy.0 = AppStore|iPhoneSimulator
		{5FADE3D1-9A15-473C-9CE9-AE8DBD7B7EBE}.Debug|Any CPU.ActiveCfg = Debug|iPhoneSimulator
		{5FADE3D1-9A15-473C-9CE9-AE8DBD7B7EBE}.Debug|Any CPU.Build.0 = Debug|iPhoneSimulator
		{5FADE3D1-9A15-473C-9CE9-AE8DBD7B7EBE}.Debug|Any CPU.Deploy.0 = Debug|iPhoneSimulator
		{5FADE3D1-9A15-473C-9CE9-AE8DBD7B7EBE}.Debug|iPhone.ActiveCfg = Debug|iPhone
		{5FADE3D1-9A15-473C-9CE9-AE8DBD7B7EBE}.Debug|iPhone.Build.0 = Debug|iPhone
		{5FADE3D1-9A15-473C-9CE9-AE8DBD7B7EBE}.Debug|iPhone.Deploy.0 = Debug|iPhone
		{5FADE3D1-9A15-473C-9CE9-AE8DBD7B7EBE}.Debug|iPhoneSimulator.ActiveCfg = Debug|iPhoneSimulator
		{5FADE3D1-9A15-473C-9CE9-AE8DBD7B7EBE}.Debug|iPhoneSimulator.Build.0 = Debug|iPhoneSimulator
		{5FADE3D1-9A15-473C-9CE9-AE8DBD7B7EBE}.Debug|iPhoneSimulator.Deploy.0 = Debug|iPhoneSimulator
		{5FADE3D1-9A15-473C-9CE9-AE8DBD7B7EBE}.Release|Any CPU.ActiveCfg = Release|iPhone
		{5FADE3D1-9A15-473C-9CE9-AE8DBD7B7EBE}.Release|Any CPU.Build.0 = Release|iPhone
		{5FADE3D1-9A15-473C-9CE9-AE8DBD7B7EBE}.Release|Any CPU.Deploy.0 = Release|iPhone
		{5FADE3D1-9A15-473C-9CE9-AE8DBD7B7EBE}.Release|iPhone.ActiveCfg = Release|iPhone
		{5FADE3D1-9A15-473C-9CE9-AE8DBD7B7EBE}.Release|iPhone.Build.0 = Release|iPhone
		{5FADE3D1-9A15-473C-9CE9-AE8DBD7B7EBE}.Release|iPhone.Deploy.0 = Release|iPhone
		{5FADE3D1-9A15-473C-9CE9-AE8DBD7B7EBE}.Release|iPhoneSimulator.ActiveCfg = Release|iPhoneSimulator
		{5FADE3D1-9A15-473C-9CE9-AE8DBD7B7EBE}.Release|iPhoneSimulator.Build.0 = Release|iPhoneSimulator
		{5FADE3D1-9A15-473C-9CE9-AE8DBD7B7EBE}.Release|iPhoneSimulator.Deploy.0 = Release|iPhoneSimulator
		{D407AD2E-EA89-46C6-8BDF-8784935B1EC7}.Ad-Hoc|Any CPU.ActiveCfg = Debug|Any CPU
		{D407AD2E-EA89-46C6-8BDF-8784935B1EC7}.Ad-Hoc|Any CPU.Build.0 = Debug|Any CPU
		{D407AD2E-EA89-46C6-8BDF-8784935B1EC7}.Ad-Hoc|Any CPU.Deploy.0 = Debug|Any CPU
		{D407AD2E-EA89-46C6-8BDF-8784935B1EC7}.Ad-Hoc|iPhone.ActiveCfg = Debug|Any CPU
		{D407AD2E-EA89-46C6-8BDF-8784935B1EC7}.Ad-Hoc|iPhone.Build.0 = Debug|Any CPU
		{D407AD2E-EA89-46C6-8BDF-8784935B1EC7}.Ad-Hoc|iPhone.Deploy.0 = Debug|Any CPU
		{D407AD2E-EA89-46C6-8BDF-8784935B1EC7}.Ad-Hoc|iPhoneSimulator.ActiveCfg = Debug|Any CPU
		{D407AD2E-EA89-46C6-8BDF-8784935B1EC7}.Ad-Hoc|iPhoneSimulator.Build.0 = Debug|Any CPU
		{D407AD2E-EA89-46C6-8BDF-8784935B1EC7}.Ad-Hoc|iPhoneSimulator.Deploy.0 = Debug|Any CPU
		{D407AD2E-EA89-46C6-8BDF-8784935B1EC7}.AppStore|Any CPU.ActiveCfg = Debug|Any CPU
		{D407AD2E-EA89-46C6-8BDF-8784935B1EC7}.AppStore|Any CPU.Build.0 = Debug|Any CPU
		{D407AD2E-EA89-46C6-8BDF-8784935B1EC7}.AppStore|Any CPU.Deploy.0 = Debug|Any CPU
		{D407AD2E-EA89-46C6-8BDF-8784935B1EC7}.AppStore|iPhone.ActiveCfg = Debug|Any CPU
		{D407AD2E-EA89-46C6-8BDF-8784935B1EC7}.AppStore|iPhone.Build.0 = Debug|Any CPU
		{D407AD2E-EA89-46C6-8BDF-8784935B1EC7}.AppStore|iPhone.Deploy.0 = Debug|Any CPU
		{D407AD2E-EA89-46C6-8BDF-8784935B1EC7}.AppStore|iPhoneSimulator.ActiveCfg = Debug|Any CPU
		{D407AD2E-EA89-46C6-8BDF-8784935B1EC7}.AppStore|iPhoneSimulator.Build.0 = Debug|Any CPU
		{D407AD2E-EA89-46C6-8BDF-8784935B1EC7}.AppStore|iPhoneSimulator.Deploy.0 = Debug|Any CPU
		{D407AD2E-EA89-46C6-8BDF-8784935B1EC7}.Debug|Any CPU.ActiveCfg = Debug|Any CPU
		{D407AD2E-EA89-46C6-8BDF-8784935B1EC7}.Debug|Any CPU.Build.0 = Debug|Any CPU
		{D407AD2E-EA89-46C6-8BDF-8784935B1EC7}.Debug|Any CPU.Deploy.0 = Debug|Any CPU
		{D407AD2E-EA89-46C6-8BDF-8784935B1EC7}.Debug|iPhone.ActiveCfg = Debug|Any CPU
		{D407AD2E-EA89-46C6-8BDF-8784935B1EC7}.Debug|iPhone.Build.0 = Debug|Any CPU
		{D407AD2E-EA89-46C6-8BDF-8784935B1EC7}.Debug|iPhone.Deploy.0 = Debug|Any CPU
		{D407AD2E-EA89-46C6-8BDF-8784935B1EC7}.Debug|iPhoneSimulator.ActiveCfg = Debug|Any CPU
		{D407AD2E-EA89-46C6-8BDF-8784935B1EC7}.Debug|iPhoneSimulator.Build.0 = Debug|Any CPU
		{D407AD2E-EA89-46C6-8BDF-8784935B1EC7}.Debug|iPhoneSimulator.Deploy.0 = Debug|Any CPU
		{D407AD2E-EA89-46C6-8BDF-8784935B1EC7}.Release|Any CPU.ActiveCfg = Release|Any CPU
		{D407AD2E-EA89-46C6-8BDF-8784935B1EC7}.Release|Any CPU.Build.0 = Release|Any CPU
		{D407AD2E-EA89-46C6-8BDF-8784935B1EC7}.Release|Any CPU.Deploy.0 = Release|Any CPU
		{D407AD2E-EA89-46C6-8BDF-8784935B1EC7}.Release|iPhone.ActiveCfg = Release|Any CPU
		{D407AD2E-EA89-46C6-8BDF-8784935B1EC7}.Release|iPhone.Build.0 = Release|Any CPU
		{D407AD2E-EA89-46C6-8BDF-8784935B1EC7}.Release|iPhone.Deploy.0 = Release|Any CPU
		{D407AD2E-EA89-46C6-8BDF-8784935B1EC7}.Release|iPhoneSimulator.ActiveCfg = Release|Any CPU
		{D407AD2E-EA89-46C6-8BDF-8784935B1EC7}.Release|iPhoneSimulator.Build.0 = Release|Any CPU
		{D407AD2E-EA89-46C6-8BDF-8784935B1EC7}.Release|iPhoneSimulator.Deploy.0 = Release|Any CPU
	EndGlobalSection
	GlobalSection(SolutionProperties) = preSolution
		HideSolutionNode = FALSE
	EndGlobalSection
	GlobalSection(ExtensibilityGlobals) = postSolution
		SolutionGuid = {F97C99FD-199E-46DD-BA71-79FEF3F28A97}
	EndGlobalSection
EndGlobal
